// !$*UTF8*$!
{
	archiveVersion = 1;
	classes = {
	};
	objectVersion = 55;
	objects = {

/* Begin PBXBuildFile section */
		A188EE4528E629AC005AC42C /* AppDelegate.swift in Sources */ = {isa = PBXBuildFile; fileRef = A188EE4428E629AC005AC42C /* AppDelegate.swift */; };
		A188EE4728E629AC005AC42C /* SceneDelegate.swift in Sources */ = {isa = PBXBuildFile; fileRef = A188EE4628E629AC005AC42C /* SceneDelegate.swift */; };
		A188EE4C28E629AC005AC42C /* Main.storyboard in Resources */ = {isa = PBXBuildFile; fileRef = A188EE4A28E629AC005AC42C /* Main.storyboard */; };
		A188EE4E28E629AE005AC42C /* Assets.xcassets in Resources */ = {isa = PBXBuildFile; fileRef = A188EE4D28E629AE005AC42C /* Assets.xcassets */; };
		A188EE5128E629AE005AC42C /* LaunchScreen.storyboard in Resources */ = {isa = PBXBuildFile; fileRef = A188EE4F28E629AE005AC42C /* LaunchScreen.storyboard */; };
		A188EE5A28E62FB6005AC42C /* DeviceListTableViewController.swift in Sources */ = {isa = PBXBuildFile; fileRef = A188EE5928E62FB6005AC42C /* DeviceListTableViewController.swift */; };
		A19D290D28E631D100D744DD /* DeviceTableViewCell.swift in Sources */ = {isa = PBXBuildFile; fileRef = A19D290C28E631D100D744DD /* DeviceTableViewCell.swift */; };
		A19D290F28E63EAD00D744DD /* Device.swift in Sources */ = {isa = PBXBuildFile; fileRef = A19D290E28E63EAD00D744DD /* Device.swift */; };
		A19D291128E6414400D744DD /* DeviceController.swift in Sources */ = {isa = PBXBuildFile; fileRef = A19D291028E6414400D744DD /* DeviceController.swift */; };
		A19D291928E66B0200D744DD /* ToggleAllViewController.swift in Sources */ = {isa = PBXBuildFile; fileRef = A19D291828E66B0200D744DD /* ToggleAllViewController.swift */; };
/* End PBXBuildFile section */

/* Begin PBXFileReference section */
		A188EE4128E629AC005AC42C /* Smart Home App.app */ = {isa = PBXFileReference; explicitFileType = wrapper.application; includeInIndex = 0; path = "Smart Home App.app"; sourceTree = BUILT_PRODUCTS_DIR; };
		A188EE4428E629AC005AC42C /* AppDelegate.swift */ = {isa = PBXFileReference; lastKnownFileType = sourcecode.swift; path = AppDelegate.swift; sourceTree = "<group>"; };
		A188EE4628E629AC005AC42C /* SceneDelegate.swift */ = {isa = PBXFileReference; lastKnownFileType = sourcecode.swift; path = SceneDelegate.swift; sourceTree = "<group>"; };
		A188EE4B28E629AC005AC42C /* Base */ = {isa = PBXFileReference; lastKnownFileType = file.storyboard; name = Base; path = Base.lproj/Main.storyboard; sourceTree = "<group>"; };
		A188EE4D28E629AE005AC42C /* Assets.xcassets */ = {isa = PBXFileReference; lastKnownFileType = folder.assetcatalog; path = Assets.xcassets; sourceTree = "<group>"; };
		A188EE5028E629AE005AC42C /* Base */ = {isa = PBXFileReference; lastKnownFileType = file.storyboard; name = Base; path = Base.lproj/LaunchScreen.storyboard; sourceTree = "<group>"; };
		A188EE5228E629AE005AC42C /* Info.plist */ = {isa = PBXFileReference; lastKnownFileType = text.plist.xml; path = Info.plist; sourceTree = "<group>"; };
		A188EE5928E62FB6005AC42C /* DeviceListTableViewController.swift */ = {isa = PBXFileReference; lastKnownFileType = sourcecode.swift; path = DeviceListTableViewController.swift; sourceTree = "<group>"; };
		A19D290C28E631D100D744DD /* DeviceTableViewCell.swift */ = {isa = PBXFileReference; lastKnownFileType = sourcecode.swift; path = DeviceTableViewCell.swift; sourceTree = "<group>"; };
		A19D290E28E63EAD00D744DD /* Device.swift */ = {isa = PBXFileReference; lastKnownFileType = sourcecode.swift; path = Device.swift; sourceTree = "<group>"; };
		A19D291028E6414400D744DD /* DeviceController.swift */ = {isa = PBXFileReference; lastKnownFileType = sourcecode.swift; path = DeviceController.swift; sourceTree = "<group>"; };
		A19D291828E66B0200D744DD /* ToggleAllViewController.swift */ = {isa = PBXFileReference; lastKnownFileType = sourcecode.swift; path = ToggleAllViewController.swift; sourceTree = "<group>"; };
/* End PBXFileReference section */

/* Begin PBXFrameworksBuildPhase section */
		A188EE3E28E629AC005AC42C /* Frameworks */ = {
			isa = PBXFrameworksBuildPhase;
			buildActionMask = 2147483647;
			files = (
			);
			runOnlyForDeploymentPostprocessing = 0;
		};
/* End PBXFrameworksBuildPhase section */

/* Begin PBXGroup section */
		A188EE3828E629AC005AC42C = {
			isa = PBXGroup;
			children = (
				A188EE4328E629AC005AC42C /* Smart Home App */,
				A188EE4228E629AC005AC42C /* Products */,
			);
			sourceTree = "<group>";
		};
		A188EE4228E629AC005AC42C /* Products */ = {
			isa = PBXGroup;
			children = (
				A188EE4128E629AC005AC42C /* Smart Home App.app */,
			);
			name = Products;
			sourceTree = "<group>";
		};
		A188EE4328E629AC005AC42C /* Smart Home App */ = {
			isa = PBXGroup;
			children = (
				A19D291228E65C1B00D744DD /* Model */,
				A188EE5828E629C7005AC42C /* Resources */,
				A19D291328E65C3400D744DD /* Storyboards */,
				A19D291428E65C4200D744DD /* Controllers */,
			);
			path = "Smart Home App";
			sourceTree = "<group>";
		};
		A188EE5828E629C7005AC42C /* Resources */ = {
			isa = PBXGroup;
			children = (
				A188EE4428E629AC005AC42C /* AppDelegate.swift */,
				A188EE4628E629AC005AC42C /* SceneDelegate.swift */,
				A188EE4D28E629AE005AC42C /* Assets.xcassets */,
				A188EE4F28E629AE005AC42C /* LaunchScreen.storyboard */,
				A188EE5228E629AE005AC42C /* Info.plist */,
			);
			path = Resources;
			sourceTree = "<group>";
		};
		A19D291228E65C1B00D744DD /* Model */ = {
			isa = PBXGroup;
			children = (
				A19D290E28E63EAD00D744DD /* Device.swift */,
			);
			path = Model;
			sourceTree = "<group>";
		};
		A19D291328E65C3400D744DD /* Storyboards */ = {
			isa = PBXGroup;
			children = (
				A188EE4A28E629AC005AC42C /* Main.storyboard */,
			);
			path = Storyboards;
			sourceTree = "<group>";
		};
		A19D291428E65C4200D744DD /* Controllers */ = {
			isa = PBXGroup;
			children = (
				A19D291528E65C5D00D744DD /* Model Controller */,
				A19D291628E65C6B00D744DD /* View Controller */,
				A19D291728E65C7B00D744DD /* Custom View */,
			);
			path = Controllers;
			sourceTree = "<group>";
		};
		A19D291528E65C5D00D744DD /* Model Controller */ = {
			isa = PBXGroup;
			children = (
				A19D291028E6414400D744DD /* DeviceController.swift */,
			);
			path = "Model Controller";
			sourceTree = "<group>";
		};
		A19D291628E65C6B00D744DD /* View Controller */ = {
			isa = PBXGroup;
			children = (
				A188EE5928E62FB6005AC42C /* DeviceListTableViewController.swift */,
				A19D291828E66B0200D744DD /* ToggleAllViewController.swift */,
			);
			path = "View Controller";
			sourceTree = "<group>";
		};
		A19D291728E65C7B00D744DD /* Custom View */ = {
			isa = PBXGroup;
			children = (
				A19D290C28E631D100D744DD /* DeviceTableViewCell.swift */,
			);
			path = "Custom View";
			sourceTree = "<group>";
		};
/* End PBXGroup section */

/* Begin PBXNativeTarget section */
		A188EE4028E629AC005AC42C /* Smart Home App */ = {
			isa = PBXNativeTarget;
			buildConfigurationList = A188EE5528E629AE005AC42C /* Build configuration list for PBXNativeTarget "Smart Home App" */;
			buildPhases = (
				A188EE3D28E629AC005AC42C /* Sources */,
				A188EE3E28E629AC005AC42C /* Frameworks */,
				A188EE3F28E629AC005AC42C /* Resources */,
			);
			buildRules = (
			);
			dependencies = (
			);
			name = "Smart Home App";
			productName = "Smart Home App";
			productReference = A188EE4128E629AC005AC42C /* Smart Home App.app */;
			productType = "com.apple.product-type.application";
		};
/* End PBXNativeTarget section */

/* Begin PBXProject section */
		A188EE3928E629AC005AC42C /* Project object */ = {
			isa = PBXProject;
			attributes = {
				BuildIndependentTargetsInParallel = 1;
				LastSwiftUpdateCheck = 1340;
				LastUpgradeCheck = 1340;
				TargetAttributes = {
					A188EE4028E629AC005AC42C = {
						CreatedOnToolsVersion = 13.4.1;
					};
				};
			};
			buildConfigurationList = A188EE3C28E629AC005AC42C /* Build configuration list for PBXProject "Smart Home App" */;
			compatibilityVersion = "Xcode 13.0";
			developmentRegion = en;
			hasScannedForEncodings = 0;
			knownRegions = (
				en,
				Base,
			);
			mainGroup = A188EE3828E629AC005AC42C;
			productRefGroup = A188EE4228E629AC005AC42C /* Products */;
			projectDirPath = "";
			projectRoot = "";
			targets = (
				A188EE4028E629AC005AC42C /* Smart Home App */,
			);
		};
/* End PBXProject section */

/* Begin PBXResourcesBuildPhase section */
		A188EE3F28E629AC005AC42C /* Resources */ = {
			isa = PBXResourcesBuildPhase;
			buildActionMask = 2147483647;
			files = (
				A188EE5128E629AE005AC42C /* LaunchScreen.storyboard in Resources */,
				A188EE4E28E629AE005AC42C /* Assets.xcassets in Resources */,
				A188EE4C28E629AC005AC42C /* Main.storyboard in Resources */,
			);
			runOnlyForDeploymentPostprocessing = 0;
		};
/* End PBXResourcesBuildPhase section */

/* Begin PBXSourcesBuildPhase section */
		A188EE3D28E629AC005AC42C /* Sources */ = {
			isa = PBXSourcesBuildPhase;
			buildActionMask = 2147483647;
			files = (
				A188EE4528E629AC005AC42C /* AppDelegate.swift in Sources */,
				A19D291928E66B0200D744DD /* ToggleAllViewController.swift in Sources */,
				A188EE5A28E62FB6005AC42C /* DeviceListTableViewController.swift in Sources */,
				A188EE4728E629AC005AC42C /* SceneDelegate.swift in Sources */,
				A19D291128E6414400D744DD /* DeviceController.swift in Sources */,
				A19D290D28E631D100D744DD /* DeviceTableViewCell.swift in Sources */,
				A19D290F28E63EAD00D744DD /* Device.swift in Sources */,
			);
			runOnlyForDeploymentPostprocessing = 0;
		};
/* End PBXSourcesBuildPhase section */

/* Begin PBXVariantGroup section */
		A188EE4A28E629AC005AC42C /* Main.storyboard */ = {
			isa = PBXVariantGroup;
			children = (
				A188EE4B28E629AC005AC42C /* Base */,
			);
			name = Main.storyboard;
			sourceTree = "<group>";
		};
		A188EE4F28E629AE005AC42C /* LaunchScreen.storyboard */ = {
			isa = PBXVariantGroup;
			children = (
				A188EE5028E629AE005AC42C /* Base */,
			);
			name = LaunchScreen.storyboard;
			sourceTree = "<group>";
		};
/* End PBXVariantGroup section */

/* Begin XCBuildConfiguration section */
		A188EE5328E629AE005AC42C /* Debug */ = {
			isa = XCBuildConfiguration;
			buildSettings = {
				ALWAYS_SEARCH_USER_PATHS = NO;
				CLANG_ANALYZER_NONNULL = YES;
				CLANG_ANALYZER_NUMBER_OBJECT_CONVERSION = YES_AGGRESSIVE;
				CLANG_CXX_LANGUAGE_STANDARD = "gnu++17";
				CLANG_ENABLE_MODULES = YES;
				CLANG_ENABLE_OBJC_ARC = YES;
				CLANG_ENABLE_OBJC_WEAK = YES;
				CLANG_WARN_BLOCK_CAPTURE_AUTORELEASING = YES;
				CLANG_WARN_BOOL_CONVERSION = YES;
				CLANG_WARN_COMMA = YES;
				CLANG_WARN_CONSTANT_CONVERSION = YES;
				CLANG_WARN_DEPRECATED_OBJC_IMPLEMENTATIONS = YES;
				CLANG_WARN_DIRECT_OBJC_ISA_USAGE = YES_ERROR;
				CLANG_WARN_DOCUMENTATION_COMMENTS = YES;
				CLANG_WARN_EMPTY_BODY = YES;
				CLANG_WARN_ENUM_CONVERSION = YES;
				CLANG_WARN_INFINITE_RECURSION = YES;
				CLANG_WARN_INT_CONVERSION = YES;
				CLANG_WARN_NON_LITERAL_NULL_CONVERSION = YES;
				CLANG_WARN_OBJC_IMPLICIT_RETAIN_SELF = YES;
				CLANG_WARN_OBJC_LITERAL_CONVERSION = YES;
				CLANG_WARN_OBJC_ROOT_CLASS = YES_ERROR;
				CLANG_WARN_QUOTED_INCLUDE_IN_FRAMEWORK_HEADER = YES;
				CLANG_WARN_RANGE_LOOP_ANALYSIS = YES;
				CLANG_WARN_STRICT_PROTOTYPES = YES;
				CLANG_WARN_SUSPICIOUS_MOVE = YES;
				CLANG_WARN_UNGUARDED_AVAILABILITY = YES_AGGRESSIVE;
				CLANG_WARN_UNREACHABLE_CODE = YES;
				CLANG_WARN__DUPLICATE_METHOD_MATCH = YES;
				COPY_PHASE_STRIP = NO;
				DEBUG_INFORMATION_FORMAT = dwarf;
				ENABLE_STRICT_OBJC_MSGSEND = YES;
				ENABLE_TESTABILITY = YES;
				GCC_C_LANGUAGE_STANDARD = gnu11;
				GCC_DYNAMIC_NO_PIC = NO;
				GCC_NO_COMMON_BLOCKS = YES;
				GCC_OPTIMIZATION_LEVEL = 0;
				GCC_PREPROCESSOR_DEFINITIONS = (
					"DEBUG=1",
					"$(inherited)",
				);
				GCC_WARN_64_TO_32_BIT_CONVERSION = YES;
				GCC_WARN_ABOUT_RETURN_TYPE = YES_ERROR;
				GCC_WARN_UNDECLARED_SELECTOR = YES;
				GCC_WARN_UNINITIALIZED_AUTOS = YES_AGGRESSIVE;
				GCC_WARN_UNUSED_FUNCTION = YES;
				GCC_WARN_UNUSED_VARIABLE = YES;
				IPHONEOS_DEPLOYMENT_TARGET = 15.5;
				MTL_ENABLE_DEBUG_INFO = INCLUDE_SOURCE;
				MTL_FAST_MATH = YES;
				ONLY_ACTIVE_ARCH = YES;
				SDKROOT = iphoneos;
				SWIFT_ACTIVE_COMPILATION_CONDITIONS = DEBUG;
				SWIFT_OPTIMIZATION_LEVEL = "-Onone";
			};
			name = Debug;
		};
		A188EE5428E629AE005AC42C /* Release */ = {
			isa = XCBuildConfiguration;
			buildSettings = {
				ALWAYS_SEARCH_USER_PATHS = NO;
				CLANG_ANALYZER_NONNULL = YES;
				CLANG_ANALYZER_NUMBER_OBJECT_CONVERSION = YES_AGGRESSIVE;
				CLANG_CXX_LANGUAGE_STANDARD = "gnu++17";
				CLANG_ENABLE_MODULES = YES;
				CLANG_ENABLE_OBJC_ARC = YES;
				CLANG_ENABLE_OBJC_WEAK = YES;
				CLANG_WARN_BLOCK_CAPTURE_AUTORELEASING = YES;
				CLANG_WARN_BOOL_CONVERSION = YES;
				CLANG_WARN_COMMA = YES;
				CLANG_WARN_CONSTANT_CONVERSION = YES;
				CLANG_WARN_DEPRECATED_OBJC_IMPLEMENTATIONS = YES;
				CLANG_WARN_DIRECT_OBJC_ISA_USAGE = YES_ERROR;
				CLANG_WARN_DOCUMENTATION_COMMENTS = YES;
				CLANG_WARN_EMPTY_BODY = YES;
				CLANG_WARN_ENUM_CONVERSION = YES;
				CLANG_WARN_INFINITE_RECURSION = YES;
				CLANG_WARN_INT_CONVERSION = YES;
				CLANG_WARN_NON_LITERAL_NULL_CONVERSION = YES;
				CLANG_WARN_OBJC_IMPLICIT_RETAIN_SELF = YES;
				CLANG_WARN_OBJC_LITERAL_CONVERSION = YES;
				CLANG_WARN_OBJC_ROOT_CLASS = YES_ERROR;
				CLANG_WARN_QUOTED_INCLUDE_IN_FRAMEWORK_HEADER = YES;
				CLANG_WARN_RANGE_LOOP_ANALYSIS = YES;
				CLANG_WARN_STRICT_PROTOTYPES = YES;
				CLANG_WARN_SUSPICIOUS_MOVE = YES;
				CLANG_WARN_UNGUARDED_AVAILABILITY = YES_AGGRESSIVE;
				CLANG_WARN_UNREACHABLE_CODE = YES;
				CLANG_WARN__DUPLICATE_METHOD_MATCH = YES;
				COPY_PHASE_STRIP = NO;
				DEBUG_INFORMATION_FORMAT = "dwarf-with-dsym";
				ENABLE_NS_ASSERTIONS = NO;
				ENABLE_STRICT_OBJC_MSGSEND = YES;
				GCC_C_LANGUAGE_STANDARD = gnu11;
				GCC_NO_COMMON_BLOCKS = YES;
				GCC_WARN_64_TO_32_BIT_CONVERSION = YES;
				GCC_WARN_ABOUT_RETURN_TYPE = YES_ERROR;
				GCC_WARN_UNDECLARED_SELECTOR = YES;
				GCC_WARN_UNINITIALIZED_AUTOS = YES_AGGRESSIVE;
				GCC_WARN_UNUSED_FUNCTION = YES;
				GCC_WARN_UNUSED_VARIABLE = YES;
				IPHONEOS_DEPLOYMENT_TARGET = 15.5;
				MTL_ENABLE_DEBUG_INFO = NO;
				MTL_FAST_MATH = YES;
				SDKROOT = iphoneos;
				SWIFT_COMPILATION_MODE = wholemodule;
				SWIFT_OPTIMIZATION_LEVEL = "-O";
				VALIDATE_PRODUCT = YES;
			};
			name = Release;
		};
		A188EE5628E629AE005AC42C /* Debug */ = {
			isa = XCBuildConfiguration;
			buildSettings = {
				ASSETCATALOG_COMPILER_APPICON_NAME = AppIcon;
				ASSETCATALOG_COMPILER_GLOBAL_ACCENT_COLOR_NAME = AccentColor;
				CODE_SIGN_STYLE = Automatic;
				CURRENT_PROJECT_VERSION = 1;
				DEVELOPMENT_TEAM = WHCBWLCWQ4;
				GENERATE_INFOPLIST_FILE = YES;
				INFOPLIST_FILE = "Smart Home App/Resources/Info.plist";
				INFOPLIST_KEY_UIApplicationSupportsIndirectInputEvents = YES;
				INFOPLIST_KEY_UILaunchStoryboardName = LaunchScreen;
				INFOPLIST_KEY_UIMainStoryboardFile = Main;
				INFOPLIST_KEY_UISupportedInterfaceOrientations_iPad = "UIInterfaceOrientationPortrait UIInterfaceOrientationPortraitUpsideDown UIInterfaceOrientationLandscapeLeft UIInterfaceOrientationLandscapeRight";
				INFOPLIST_KEY_UISupportedInterfaceOrientations_iPhone = "UIInterfaceOrientationPortrait UIInterfaceOrientationLandscapeLeft UIInterfaceOrientationLandscapeRight";
				LD_RUNPATH_SEARCH_PATHS = (
					"$(inherited)",
					"@executable_path/Frameworks",
				);
				MARKETING_VERSION = 1.0;
				PRODUCT_BUNDLE_IDENTIFIER = "com.matheusfoliveira.Smart-Home-App";
				PRODUCT_NAME = "$(TARGET_NAME)";
				SWIFT_EMIT_LOC_STRINGS = YES;
				SWIFT_VERSION = 5.0;
				TARGETED_DEVICE_FAMILY = "1,2";
			};
			name = Debug;
		};
		A188EE5728E629AE005AC42C /* Release */ = {
			isa = XCBuildConfiguration;
			buildSettings = {
				ASSETCATALOG_COMPILER_APPICON_NAME = AppIcon;
				ASSETCATALOG_COMPILER_GLOBAL_ACCENT_COLOR_NAME = AccentColor;
				CODE_SIGN_STYLE = Automatic;
				CURRENT_PROJECT_VERSION = 1;
				DEVELOPMENT_TEAM = WHCBWLCWQ4;
				GENERATE_INFOPLIST_FILE = YES;
				INFOPLIST_FILE = "Smart Home App/Resources/Info.plist";
				INFOPLIST_KEY_UIApplicationSupportsIndirectInputEvents = YES;
				INFOPLIST_KEY_UILaunchStoryboardName = LaunchScreen;
				INFOPLIST_KEY_UIMainStoryboardFile = Main;
				INFOPLIST_KEY_UISupportedInterfaceOrientations_iPad = "UIInterfaceOrientationPortrait UIInterfaceOrientationPortraitUpsideDown UIInterfaceOrientationLandscapeLeft UIInterfaceOrientationLandscapeRight";
				INFOPLIST_KEY_UISupportedInterfaceOrientations_iPhone = "UIInterfaceOrientationPortrait UIInterfaceOrientationLandscapeLeft UIInterfaceOrientationLandscapeRight";
				LD_RUNPATH_SEARCH_PATHS = (
					"$(inherited)",
					"@executable_path/Frameworks",
				);
				MARKETING_VERSION = 1.0;
				PRODUCT_BUNDLE_IDENTIFIER = "com.matheusfoliveira.Smart-Home-App";
				PRODUCT_NAME = "$(TARGET_NAME)";
				SWIFT_EMIT_LOC_STRINGS = YES;
				SWIFT_VERSION = 5.0;
				TARGETED_DEVICE_FAMILY = "1,2";
			};
			name = Release;
		};
/* End XCBuildConfiguration section */

/* Begin XCConfigurationList section */
		A188EE3C28E629AC005AC42C /* Build configuration list for PBXProject "Smart Home App" */ = {
			isa = XCConfigurationList;
			buildConfigurations = (
				A188EE5328E629AE005AC42C /* Debug */,
				A188EE5428E629AE005AC42C /* Release */,
			);
			defaultConfigurationIsVisible = 0;
			defaultConfigurationName = Release;
		};
		A188EE5528E629AE005AC42C /* Build configuration list for PBXNativeTarget "Smart Home App" */ = {
			isa = XCConfigurationList;
			buildConfigurations = (
				A188EE5628E629AE005AC42C /* Debug */,
				A188EE5728E629AE005AC42C /* Release */,
			);
			defaultConfigurationIsVisible = 0;
			defaultConfigurationName = Release;
		};
/* End XCConfigurationList section */
	};
	rootObject = A188EE3928E629AC005AC42C /* Project object */;
}
